
Microsoft Visual Studio Solution File, Format Version 11.00
# Visual Studio 2010
Project("{FAE04EC0-301F-11D3-BF4B-00C04F79EFBC}") = "polar-explorer", "Assembly-CSharp.csproj", "{618FC0C9-6DBC-F871-4303-D553334B9594}"
EndProject
Project("{FAE04EC0-301F-11D3-BF4B-00C04F79EFBC}") = "polar-explorer", "Assembly-CSharp-Editor.csproj", "{11BE7F90-98C4-F820-7EC7-B4C7F509E4BD}"
EndProject
Global
	GlobalSection(SolutionConfigurationPlatforms) = preSolution
		Debug|Any CPU = Debug|Any CPU
		Release|Any CPU = Release|Any CPU
	EndGlobalSection
	GlobalSection(ProjectConfigurationPlatforms) = postSolution
		{618FC0C9-6DBC-F871-4303-D553334B9594}.Debug|Any CPU.ActiveCfg = Debug|Any CPU
		{618FC0C9-6DBC-F871-4303-D553334B9594}.Debug|Any CPU.Build.0 = Debug|Any CPU
		{618FC0C9-6DBC-F871-4303-D553334B9594}.Release|Any CPU.ActiveCfg = Release|Any CPU
		{618FC0C9-6DBC-F871-4303-D553334B9594}.Release|Any CPU.Build.0 = Release|Any CPU
		{11BE7F90-98C4-F820-7EC7-B4C7F509E4BD}.Debug|Any CPU.ActiveCfg = Debug|Any CPU
		{11BE7F90-98C4-F820-7EC7-B4C7F509E4BD}.Debug|Any CPU.Build.0 = Debug|Any CPU
		{11BE7F90-98C4-F820-7EC7-B4C7F509E4BD}.Release|Any CPU.ActiveCfg = Release|Any CPU
		{11BE7F90-98C4-F820-7EC7-B4C7F509E4BD}.Release|Any CPU.Build.0 = Release|Any CPU
	EndGlobalSection
	GlobalSection(SolutionProperties) = preSolution
		HideSolutionNode = FALSE
	EndGlobalSection
	GlobalSection(MonoDevelopProperties) = preSolution
		StartupItem = Assembly-CSharp.csproj
	EndGlobalSection
EndGlobal
